
Microsoft Visual Studio Solution File, Format Version 12.00
# Visual Studio Version 17
VisualStudioVersion = 17.8.34316.72
MinimumVisualStudioVersion = 10.0.40219.1
Project("{FAE04EC0-301F-11D3-BF4B-00C04F79EFBC}") = "Navigation", "Navigation\Navigation.csproj", "{86EF13AE-8CFB-42AD-8DC3-79FAC7D291B2}"
EndProject
Global
	GlobalSection(SolutionConfigurationPlatforms) = preSolution
		Debug|Any CPU = Debug|Any CPU
		Release|Any CPU = Release|Any CPU
	EndGlobalSection
	GlobalSection(ProjectConfigurationPlatforms) = postSolution
		{86EF13AE-8CFB-42AD-8DC3-79FAC7D291B2}.Debug|Any CPU.ActiveCfg = Debug|Any CPU
		{86EF13AE-8CFB-42AD-8DC3-79FAC7D291B2}.Debug|Any CPU.Build.0 = Debug|Any CPU
		{86EF13AE-8CFB-42AD-8DC3-79FAC7D291B2}.Debug|Any CPU.Deploy.0 = Debug|Any CPU
		{86EF13AE-8CFB-42AD-8DC3-79FAC7D291B2}.Release|Any CPU.ActiveCfg = Release|Any CPU
		{86EF13AE-8CFB-42AD-8DC3-79FAC7D291B2}.Release|Any CPU.Build.0 = Release|Any CPU
		{86EF13AE-8CFB-42AD-8DC3-79FAC7D291B2}.Release|Any CPU.Deploy.0 = Release|Any CPU
	EndGlobalSection
	GlobalSection(SolutionProperties) = preSolution
		HideSolutionNode = FALSE
	EndGlobalSection
	GlobalSection(ExtensibilityGlobals) = postSolution
		SolutionGuid = {A492F1DB-0C70-4170-9719-CA4BEE7DEFEB}
	EndGlobalSection
EndGlobal
